
Microsoft Visual Studio Solution File, Format Version 12.00
# Visual Studio Version 16
VisualStudioVersion = 16.0.30711.63
MinimumVisualStudioVersion = 10.0.40219.1
Project("{FAE04EC0-301F-11D3-BF4B-00C04F79EFBC}") = "TwitterClone.Database", "TwitterClone.Database.csproj", "{EFCF74EF-7569-4587-B599-E01322C7C617}"
EndProject
Global
	GlobalSection(SolutionConfigurationPlatforms) = preSolution
		Debug|Any CPU = Debug|Any CPU
		Release|Any CPU = Release|Any CPU
	EndGlobalSection
	GlobalSection(ProjectConfigurationPlatforms) = postSolution
		{EFCF74EF-7569-4587-B599-E01322C7C617}.Debug|Any CPU.ActiveCfg = Debug|Any CPU
		{EFCF74EF-7569-4587-B599-E01322C7C617}.Debug|Any CPU.Build.0 = Debug|Any CPU
		{EFCF74EF-7569-4587-B599-E01322C7C617}.Release|Any CPU.ActiveCfg = Release|Any CPU
		{EFCF74EF-7569-4587-B599-E01322C7C617}.Release|Any CPU.Build.0 = Release|Any CPU
	EndGlobalSection
	GlobalSection(SolutionProperties) = preSolution
		HideSolutionNode = FALSE
	EndGlobalSection
	GlobalSection(ExtensibilityGlobals) = postSolution
		SolutionGuid = {D57685A9-2955-4228-AEB3-0FEA1098874B}
	EndGlobalSection
EndGlobal
